{
  "name": "svelte-select",
  "version": "3.12.0",
  "lockfileVersion": 1,
  "requires": true,
  "dependencies": {
    "@babel/polyfill": {
      "version": "7.0.0",
      "resolved": "https://registry.npmjs.org/@babel/polyfill/-/polyfill-7.0.0.tgz",
      "integrity": "sha512-dnrMRkyyr74CRelJwvgnnSUDh2ge2NCTyHVwpOdvRMHtJUyxLtMAfhBN3s64pY41zdw0kgiLPh6S20eb1NcX6Q==",
      "dev": true,
      "requires": {
        "core-js": "^2.5.7",
        "regenerator-runtime": "^0.11.1"
      }
    },
    "@polka/url": {
      "version": "0.5.0",
      "resolved": "https://registry.npmjs.org/@polka/url/-/url-0.5.0.tgz",
      "integrity": "sha512-oZLYFEAzUKyi3SKnXvj32ZCEGH6RDnao7COuCVhDydMS9NrCSVXhM79VaKyP5+Zc33m0QXEd2DN3UkU7OsHcfw==",
      "dev": true
    },
    "@types/estree": {
      "version": "0.0.39",
      "resolved": "https://registry.npmjs.org/@types/estree/-/estree-0.0.39.tgz",
      "integrity": "sha512-EYNwp3bU+98cpU4lAWYYL7Zz+2gryWH1qbdDTidVd6hkiR6weksdbMadyXKXNPEkQFhXM+hVO9ZygomHXp+AIw==",
      "dev": true
    },
    "@types/node": {
      "version": "13.13.0",
      "resolved": "https://registry.npmjs.org/@types/node/-/node-13.13.0.tgz",
      "integrity": "sha512-WE4IOAC6r/yBZss1oQGM5zs2D7RuKR6Q+w+X2SouPofnWn+LbCqClRyhO3ZE7Ix8nmFgo/oVuuE01cJT2XB13A==",
      "dev": true
    },
    "@types/resolve": {
      "version": "0.0.8",
      "resolved": "https://registry.npmjs.org/@types/resolve/-/resolve-0.0.8.tgz",
      "integrity": "sha512-auApPaJf3NPfe18hSoJkp8EbZzer2ISk7o8mCC3M9he/a04+gbMF97NkpD2S8riMGvm4BMRI59/SZQSaLTKpsQ==",
      "dev": true,
      "requires": {
        "@types/node": "*"
      }
    },
    "agent-base": {
      "version": "4.3.0",
      "resolved": "https://registry.npmjs.org/agent-base/-/agent-base-4.3.0.tgz",
      "integrity": "sha512-salcGninV0nPrwpGNn4VTXBb1SOuXQBiqbrNXoeizJsHrsL6ERFM2Ne3JUSBWRE6aeNJI2ROP/WEEIDUiDe3cg==",
      "dev": true,
      "requires": {
        "es6-promisify": "^5.0.0"
      }
    },
    "ansi-regex": {
      "version": "2.1.1",
      "resolved": "https://registry.npmjs.org/ansi-regex/-/ansi-regex-2.1.1.tgz",
      "integrity": "sha1-w7M6te42DYbg5ijwRorn7yfWVN8=",
      "dev": true
    },
    "ansi-styles": {
      "version": "2.2.1",
      "resolved": "https://registry.npmjs.org/ansi-styles/-/ansi-styles-2.2.1.tgz",
      "integrity": "sha1-tDLdM1i2NM914eRmQ2gkBTPB3b4=",
      "dev": true
    },
    "argparse": {
      "version": "1.0.10",
      "resolved": "https://registry.npmjs.org/argparse/-/argparse-1.0.10.tgz",
      "integrity": "sha512-o5Roy6tNG4SL/FOkCAN6RzjiakZS25RLYFrcMttJqbdd8BWrnA+fGz57iN5Pb06pvBGvl5gQ0B48dJlslXvoTg==",
      "dev": true,
      "requires": {
        "sprintf-js": "~1.0.2"
      }
    },
    "async-limiter": {
      "version": "1.0.1",
      "resolved": "https://registry.npmjs.org/async-limiter/-/async-limiter-1.0.1.tgz",
      "integrity": "sha512-csOlWGAcRFJaI6m+F2WKdnMKr4HhdhFVBk0H/QbJFMCr+uO2kwohwXQPxw/9OCxp05r5ghVBFSyioixx3gfkNQ==",
      "dev": true
    },
    "balanced-match": {
      "version": "1.0.0",
      "resolved": "https://registry.npmjs.org/balanced-match/-/balanced-match-1.0.0.tgz",
      "integrity": "sha1-ibTRmasr7kneFk6gK4nORi1xt2c=",
      "dev": true
    },
    "brace-expansion": {
      "version": "1.1.11",
      "resolved": "https://registry.npmjs.org/brace-expansion/-/brace-expansion-1.1.11.tgz",
      "integrity": "sha512-iCuPHDFgrHX7H2vEI/5xpz07zSHB00TpugqhmYtVmMO6518mCuRMoOYFldEBl0g187ufozdaHgWKcYFb61qGiA==",
      "dev": true,
      "requires": {
        "balanced-match": "^1.0.0",
        "concat-map": "0.0.1"
      }
    },
    "buffer-crc32": {
      "version": "0.2.13",
      "resolved": "https://registry.npmjs.org/buffer-crc32/-/buffer-crc32-0.2.13.tgz",
      "integrity": "sha1-DTM+PwDqxQqhRUq9MO+MKl2ackI=",
      "dev": true
    },
    "buffer-from": {
      "version": "1.1.1",
      "resolved": "https://registry.npmjs.org/buffer-from/-/buffer-from-1.1.1.tgz",
      "integrity": "sha512-MQcXEUbCKtEo7bhqEs6560Hyd4XaovZlO/k9V3hjVUF/zwW7KBVdSK4gIt/bzwS9MbR5qob+F5jusZsb0YQK2A==",
      "dev": true
    },
    "builtin-modules": {
      "version": "3.1.0",
      "resolved": "https://registry.npmjs.org/builtin-modules/-/builtin-modules-3.1.0.tgz",
      "integrity": "sha512-k0KL0aWZuBt2lrxrcASWDfwOLMnodeQjodT/1SxEQAXsHANgo6ZC/VEaSEHCXt7aSTZ4/4H5LKa+tBXmW7Vtvw==",
      "dev": true
    },
    "camel-case": {
      "version": "3.0.0",
      "resolved": "https://registry.npmjs.org/camel-case/-/camel-case-3.0.0.tgz",
      "integrity": "sha1-yjw2iKTpzzpM2nd9xNy8cTJJz3M=",
      "dev": true,
      "requires": {
        "no-case": "^2.2.0",
        "upper-case": "^1.1.1"
      }
    },
    "chalk": {
      "version": "1.1.3",
      "resolved": "https://registry.npmjs.org/chalk/-/chalk-1.1.3.tgz",
      "integrity": "sha1-qBFcVeSnAv5NFQq9OHKCKn4J/Jg=",
      "dev": true,
      "requires": {
        "ansi-styles": "^2.2.1",
        "escape-string-regexp": "^1.0.2",
        "has-ansi": "^2.0.0",
        "strip-ansi": "^3.0.0",
        "supports-color": "^2.0.0"
      }
    },
    "clean-css": {
      "version": "4.2.3",
      "resolved": "https://registry.npmjs.org/clean-css/-/clean-css-4.2.3.tgz",
      "integrity": "sha512-VcMWDN54ZN/DS+g58HYL5/n4Zrqe8vHJpGA8KdgUXFU4fuP/aHNw8eld9SyEIyabIMJX/0RaY/fplOo5hYLSFA==",
      "dev": true,
      "requires": {
        "source-map": "~0.6.0"
      }
    },
    "commander": {
      "version": "2.17.1",
      "resolved": "https://registry.npmjs.org/commander/-/commander-2.17.1.tgz",
      "integrity": "sha512-wPMUt6FnH2yzG95SA6mzjQOEKUU3aLaDEmzs1ti+1E9h+CsrZghRlqEM/EJ4KscsQVG8uNN4uVreUeT8+drlgg==",
      "dev": true
    },
    "concat-map": {
      "version": "0.0.1",
      "resolved": "https://registry.npmjs.org/concat-map/-/concat-map-0.0.1.tgz",
      "integrity": "sha1-2Klr13/Wjfd5OnMDajug1UBdR3s=",
      "dev": true
    },
    "concat-stream": {
      "version": "1.6.2",
      "resolved": "https://registry.npmjs.org/concat-stream/-/concat-stream-1.6.2.tgz",
      "integrity": "sha512-27HBghJxjiZtIk3Ycvn/4kbJk/1uZuJFfuPEns6LaEvpvG1f0hTea8lilrouyo9mVc2GWdcEZ8OLoGmSADlrCw==",
      "dev": true,
      "requires": {
        "buffer-from": "^1.0.0",
        "inherits": "^2.0.3",
        "readable-stream": "^2.2.2",
        "typedarray": "^0.0.6"
      }
    },
    "core-js": {
      "version": "2.6.11",
      "resolved": "https://registry.npmjs.org/core-js/-/core-js-2.6.11.tgz",
      "integrity": "sha512-5wjnpaT/3dV+XB4borEsnAYQchn00XSgTAWKDkEqv+K8KevjbzmofK6hfJ9TZIlpj2N0xQpazy7PiRQiWHqzWg==",
      "dev": true
    },
    "core-util-is": {
      "version": "1.0.2",
      "resolved": "https://registry.npmjs.org/core-util-is/-/core-util-is-1.0.2.tgz",
      "integrity": "sha1-tf1UIgqivFq1eqtxQMlAdUUDwac=",
      "dev": true
    },
    "debug": {
      "version": "4.1.1",
      "resolved": "https://registry.npmjs.org/debug/-/debug-4.1.1.tgz",
      "integrity": "sha512-pYAIzeRo8J6KPEaJ0VWOh5Pzkbw/RetuzehGM7QRRX5he4fPHx2rdKMB256ehJCkX+XRQm16eZLqLNS8RSZXZw==",
      "dev": true,
      "requires": {
        "ms": "^2.1.1"
      }
    },
    "diff": {
      "version": "2.2.3",
      "resolved": "https://registry.npmjs.org/diff/-/diff-2.2.3.tgz",
      "integrity": "sha1-YOr9DSjukG5Oj/ClLBIpUhAzv5k=",
      "dev": true
    },
    "duplexer": {
      "version": "0.1.1",
      "resolved": "https://registry.npmjs.org/duplexer/-/duplexer-0.1.1.tgz",
      "integrity": "sha1-rOb/gIwc5mtX0ev5eXessCM0z8E=",
      "dev": true
    },
    "es6-promise": {
      "version": "4.2.8",
      "resolved": "https://registry.npmjs.org/es6-promise/-/es6-promise-4.2.8.tgz",
      "integrity": "sha512-HJDGx5daxeIvxdBxvG2cb9g4tEvwIk3i8+nhX0yGrYmZUzbkdg8QbDevheDB8gd0//uPj4c1EQua8Q+MViT0/w==",
      "dev": true
    },
    "es6-promisify": {
      "version": "5.0.0",
      "resolved": "https://registry.npmjs.org/es6-promisify/-/es6-promisify-5.0.0.tgz",
      "integrity": "sha1-UQnWLz5W6pZ8S2NQWu8IKRyKUgM=",
      "dev": true,
      "requires": {
        "es6-promise": "^4.0.3"
      }
    },
    "escape-string-regexp": {
      "version": "1.0.5",
      "resolved": "https://registry.npmjs.org/escape-string-regexp/-/escape-string-regexp-1.0.5.tgz",
      "integrity": "sha1-G2HAViGQqN/2rjuyzwIAyhMLhtQ=",
      "dev": true
    },
    "esprima": {
      "version": "4.0.1",
      "resolved": "https://registry.npmjs.org/esprima/-/esprima-4.0.1.tgz",
      "integrity": "sha512-eGuFFw7Upda+g4p+QHvnW0RyTX/SVeJBDM/gCtMARO0cLuT2HcEKnTPvhjV6aGeqrCB/sbNop0Kszm0jsaWU4A==",
      "dev": true
    },
    "estree-walker": {
      "version": "0.6.1",
      "resolved": "https://registry.npmjs.org/estree-walker/-/estree-walker-0.6.1.tgz",
      "integrity": "sha512-SqmZANLWS0mnatqbSfRP5g8OXZC12Fgg1IwNtLsyHDzJizORW4khDfjPqJZsemPWBB2uqykUah5YpQ6epsqC/w==",
      "dev": true
    },
    "events-to-array": {
      "version": "1.1.2",
      "resolved": "https://registry.npmjs.org/events-to-array/-/events-to-array-1.1.2.tgz",
      "integrity": "sha1-LUH1Y+H+QA7Uli/hpNXGp1Od9/Y=",
      "dev": true
    },
    "extract-zip": {
      "version": "1.7.0",
      "resolved": "https://registry.npmjs.org/extract-zip/-/extract-zip-1.7.0.tgz",
      "integrity": "sha512-xoh5G1W/PB0/27lXgMQyIhP5DSY/LhoCsOyZgb+6iMmRtCwVBo55uKaMoEYrDCKQhWvqEip5ZPKAc6eFNyf/MA==",
      "dev": true,
      "requires": {
        "concat-stream": "^1.6.2",
        "debug": "^2.6.9",
        "mkdirp": "^0.5.4",
        "yauzl": "^2.10.0"
      },
      "dependencies": {
        "debug": {
          "version": "2.6.9",
          "resolved": "https://registry.npmjs.org/debug/-/debug-2.6.9.tgz",
          "integrity": "sha512-bC7ElrdJaJnPbAP+1EotYvqZsb3ecl5wi6Bfi6BJTUcNowp6cvspg0jXznRTKDjm/E7AdgFBVeAPVMNcKGsHMA==",
          "dev": true,
          "requires": {
            "ms": "2.0.0"
          }
        },
        "ms": {
          "version": "2.0.0",
          "resolved": "https://registry.npmjs.org/ms/-/ms-2.0.0.tgz",
          "integrity": "sha1-VgiurfwAvmwpAd9fmGF4jeDVl8g=",
          "dev": true
        }
      }
    },
    "fd-slicer": {
      "version": "1.1.0",
      "resolved": "https://registry.npmjs.org/fd-slicer/-/fd-slicer-1.1.0.tgz",
      "integrity": "sha1-JcfInLH5B3+IkbvmHY85Dq4lbx4=",
      "dev": true,
      "requires": {
        "pend": "~1.2.0"
      }
    },
    "figures": {
      "version": "1.7.0",
      "resolved": "https://registry.npmjs.org/figures/-/figures-1.7.0.tgz",
      "integrity": "sha1-y+Hjr/zxzUS4DK3+0o3Hk6lwHS4=",
      "dev": true,
      "requires": {
        "escape-string-regexp": "^1.0.5",
        "object-assign": "^4.1.0"
      }
    },
    "find": {
      "version": "0.1.7",
      "resolved": "https://registry.npmjs.org/find/-/find-0.1.7.tgz",
      "integrity": "sha1-yGyHrxqxjyIrvjjeyGy8dg0Wpvs=",
      "dev": true,
      "requires": {
        "traverse-chain": "~0.1.0"
      }
    },
    "find-in-files": {
      "version": "0.5.0",
      "resolved": "https://registry.npmjs.org/find-in-files/-/find-in-files-0.5.0.tgz",
      "integrity": "sha512-VraTc6HdtdSHmAp0yJpAy20yPttGKzyBWc7b7FPnnsX9TOgmKx0g9xajizpF/iuu4IvNK4TP0SpyBT9zAlwG+g==",
      "dev": true,
      "requires": {
        "find": "^0.1.5",
        "q": "^1.0.1"
      }
    },
    "fs.realpath": {
      "version": "1.0.0",
      "resolved": "https://registry.npmjs.org/fs.realpath/-/fs.realpath-1.0.0.tgz",
      "integrity": "sha1-FQStJSMVjKpA20onh8sBQRmU6k8=",
      "dev": true
    },
    "glob": {
      "version": "7.1.6",
      "resolved": "https://registry.npmjs.org/glob/-/glob-7.1.6.tgz",
      "integrity": "sha512-LwaxwyZ72Lk7vZINtNNrywX0ZuLyStrdDtabefZKAY5ZGJhVtgdznluResxNmPitE0SAO+O26sWTHeKSI2wMBA==",
      "dev": true,
      "requires": {
        "fs.realpath": "^1.0.0",
        "inflight": "^1.0.4",
        "inherits": "2",
        "minimatch": "^3.0.4",
        "once": "^1.3.0",
        "path-is-absolute": "^1.0.0"
      }
    },
    "has-ansi": {
      "version": "2.0.0",
      "resolved": "https://registry.npmjs.org/has-ansi/-/has-ansi-2.0.0.tgz",
      "integrity": "sha1-NPUEnOHs3ysGSa8+8k5F7TVBbZE=",
      "dev": true,
      "requires": {
        "ansi-regex": "^2.0.0"
      }
    },
    "he": {
      "version": "1.2.0",
      "resolved": "https://registry.npmjs.org/he/-/he-1.2.0.tgz",
      "integrity": "sha512-F/1DnUGPopORZi0ni+CvrCgHQ5FyEAHRLSApuYWMmrbSwoN2Mn/7k+Gl38gJnR7yyDZk6WLXwiGod1JOWNDKGw==",
      "dev": true
    },
    "html-minifier": {
      "version": "3.5.21",
      "resolved": "https://registry.npmjs.org/html-minifier/-/html-minifier-3.5.21.tgz",
      "integrity": "sha512-LKUKwuJDhxNa3uf/LPR/KVjm/l3rBqtYeCOAekvG8F1vItxMUpueGd94i/asDDr8/1u7InxzFA5EeGjhhG5mMA==",
      "dev": true,
      "requires": {
        "camel-case": "3.0.x",
        "clean-css": "4.2.x",
        "commander": "2.17.x",
        "he": "1.2.x",
        "param-case": "2.1.x",
        "relateurl": "0.2.x",
        "uglify-js": "3.4.x"
      }
    },
    "https-proxy-agent": {
      "version": "2.2.4",
      "resolved": "https://registry.npmjs.org/https-proxy-agent/-/https-proxy-agent-2.2.4.tgz",
      "integrity": "sha512-OmvfoQ53WLjtA9HeYP9RNrWMJzzAz1JGaSFr1nijg0PVR1JaD/xbJq1mdEIIlxGpXp9eSe/O2LgU9DJmTPd0Eg==",
      "dev": true,
      "requires": {
        "agent-base": "^4.3.0",
        "debug": "^3.1.0"
      },
      "dependencies": {
        "debug": {
          "version": "3.2.6",
          "resolved": "https://registry.npmjs.org/debug/-/debug-3.2.6.tgz",
          "integrity": "sha512-mel+jf7nrtEl5Pn1Qx46zARXKDpBbvzezse7p7LqINmdoIk8PYP5SySaxEmYv6TZ0JyEKA1hsCId6DIhgITtWQ==",
          "dev": true,
          "requires": {
            "ms": "^2.1.1"
          }
        }
      }
    },
    "inflight": {
      "version": "1.0.6",
      "resolved": "https://registry.npmjs.org/inflight/-/inflight-1.0.6.tgz",
      "integrity": "sha1-Sb1jMdfQLQwJvJEKEHW6gWW1bfk=",
      "dev": true,
      "requires": {
        "once": "^1.3.0",
        "wrappy": "1"
      }
    },
    "inherits": {
      "version": "2.0.4",
      "resolved": "https://registry.npmjs.org/inherits/-/inherits-2.0.4.tgz",
      "integrity": "sha512-k/vGaX4/Yla3WzyMCvTQOXYeIHvqOKtnqBduzTHpzpQZzAskKMhZ2K+EnBiSM9zGSoIFeMpXKxa4dYeZIQqewQ==",
      "dev": true
    },
    "is-finite": {
      "version": "1.1.0",
      "resolved": "https://registry.npmjs.org/is-finite/-/is-finite-1.1.0.tgz",
      "integrity": "sha512-cdyMtqX/BOqqNBBiKlIVkytNHm49MtMlYyn1zxzvJKWmFMlGzm+ry5BBfYyeY9YmNKbRSo/o7OX9w9ale0wg3w==",
      "dev": true
    },
    "is-module": {
      "version": "1.0.0",
      "resolved": "https://registry.npmjs.org/is-module/-/is-module-1.0.0.tgz",
      "integrity": "sha1-Mlj7afeMFNW4FdZkM2tM/7ZEFZE=",
      "dev": true
    },
    "isarray": {
      "version": "1.0.0",
      "resolved": "https://registry.npmjs.org/isarray/-/isarray-1.0.0.tgz",
      "integrity": "sha1-u5NdSFgsuhaMBoNJV6VKPgcSTxE=",
      "dev": true
    },
    "js-yaml": {
      "version": "3.13.1",
      "resolved": "https://registry.npmjs.org/js-yaml/-/js-yaml-3.13.1.tgz",
      "integrity": "sha512-YfbcO7jXDdyj0DGxYVSlSeQNHbD7XPWvrVWeVUujrQEoZzWJIRrCPoyk6kL6IAjAG2IolMK4T0hNUe0HOUs5Jw==",
      "dev": true,
      "requires": {
        "argparse": "^1.0.7",
        "esprima": "^4.0.0"
      }
    },
    "lower-case": {
      "version": "1.1.4",
      "resolved": "https://registry.npmjs.org/lower-case/-/lower-case-1.1.4.tgz",
      "integrity": "sha1-miyr0bno4K6ZOkv31YdcOcQujqw=",
      "dev": true
    },
    "magic-string": {
      "version": "0.25.7",
      "resolved": "https://registry.npmjs.org/magic-string/-/magic-string-0.25.7.tgz",
      "integrity": "sha512-4CrMT5DOHTDk4HYDlzmwu4FVCcIYI8gauveasrdCu2IKIFOJ3f0v/8MDGJCDL9oD2ppz/Av1b0Nj345H9M+XIA==",
      "dev": true,
      "requires": {
        "sourcemap-codec": "^1.4.4"
      }
    },
    "mime": {
      "version": "2.4.4",
      "resolved": "https://registry.npmjs.org/mime/-/mime-2.4.4.tgz",
      "integrity": "sha512-LRxmNwziLPT828z+4YkNzloCFC2YM4wrB99k+AV5ZbEyfGNWfG8SO1FUXLmLDBSo89NrJZ4DIWeLjy1CHGhMGA==",
      "dev": true
    },
    "minimatch": {
      "version": "3.0.4",
      "resolved": "https://registry.npmjs.org/minimatch/-/minimatch-3.0.4.tgz",
      "integrity": "sha512-yJHVQEhyqPLUTgt9B83PXu6W3rx4MvvHvSUvToogpwoGDOUQ+yDrR0HRot+yOCdCO7u4hX3pWft6kWBBcqh0UA==",
      "dev": true,
      "requires": {
        "brace-expansion": "^1.1.7"
      }
    },
    "minimist": {
      "version": "1.2.5",
      "resolved": "https://registry.npmjs.org/minimist/-/minimist-1.2.5.tgz",
      "integrity": "sha512-FM9nNUYrRBAELZQT3xeZQ7fmMOBg6nWNmJKTcgsJeaLstP/UODVpGsr5OhXhhXg6f+qtJ8uiZ+PUxkDWcgIXLw==",
      "dev": true
    },
    "mkdirp": {
      "version": "0.5.5",
      "resolved": "https://registry.npmjs.org/mkdirp/-/mkdirp-0.5.5.tgz",
      "integrity": "sha512-NKmAlESf6jMGym1++R0Ra7wvhV+wFW63FaSOFPwRahvea0gMUcGUhVeAg/0BC0wiv9ih5NYPB1Wn1UEI1/L+xQ==",
      "dev": true,
      "requires": {
        "minimist": "^1.2.5"
      }
    },
    "ms": {
      "version": "2.1.2",
      "resolved": "https://registry.npmjs.org/ms/-/ms-2.1.2.tgz",
      "integrity": "sha512-sGkPx+VjMtmA6MX27oA4FBFELFCZZ4S4XqeGOXCv68tT+jb3vk/RyaKWP0PTKyWtmLSM0b+adUTEvbs1PEaH2w==",
      "dev": true
    },
    "namey-mcnameface": {
      "version": "1.0.3",
      "resolved": "https://registry.npmjs.org/namey-mcnameface/-/namey-mcnameface-1.0.3.tgz",
      "integrity": "sha1-hoWXOOPnDZWKIZaijglTDJS6iNA=",
      "dev": true
    },
    "no-case": {
      "version": "2.3.2",
      "resolved": "https://registry.npmjs.org/no-case/-/no-case-2.3.2.tgz",
      "integrity": "sha512-rmTZ9kz+f3rCvK2TD1Ue/oZlns7OGoIWP4fc3llxxRXlOkHKoWPPWJOfFYpITabSow43QJbRIoHQXtt10VldyQ==",
      "dev": true,
      "requires": {
        "lower-case": "^1.1.1"
      }
    },
    "object-assign": {
      "version": "4.1.1",
      "resolved": "https://registry.npmjs.org/object-assign/-/object-assign-4.1.1.tgz",
      "integrity": "sha1-IQmtx5ZYh8/AXLvUQsrIv7s2CGM=",
      "dev": true
    },
    "once": {
      "version": "1.4.0",
      "resolved": "https://registry.npmjs.org/once/-/once-1.4.0.tgz",
      "integrity": "sha1-WDsap3WWHUsROsF9nFC6753Xa9E=",
      "dev": true,
      "requires": {
        "wrappy": "1"
      }
    },
    "param-case": {
      "version": "2.1.1",
      "resolved": "https://registry.npmjs.org/param-case/-/param-case-2.1.1.tgz",
      "integrity": "sha1-35T9jPZTHs915r75oIWPvHK+Ikc=",
      "dev": true,
      "requires": {
        "no-case": "^2.2.0"
      }
    },
    "parse-ms": {
      "version": "1.0.1",
      "resolved": "https://registry.npmjs.org/parse-ms/-/parse-ms-1.0.1.tgz",
      "integrity": "sha1-VjRtR0nXjyNDDKDHE4UK75GqNh0=",
      "dev": true
    },
    "path-is-absolute": {
      "version": "1.0.1",
      "resolved": "https://registry.npmjs.org/path-is-absolute/-/path-is-absolute-1.0.1.tgz",
      "integrity": "sha1-F0uSaHNVNP+8es5r9TpanhtcX18=",
      "dev": true
    },
    "path-parse": {
      "version": "1.0.6",
      "resolved": "https://registry.npmjs.org/path-parse/-/path-parse-1.0.6.tgz",
      "integrity": "sha512-GSmOT2EbHrINBf9SR7CDELwlJ8AENk3Qn7OikK4nFYAu3Ote2+JYNVvkpAEQm3/TLNEJFD/xZJjzyxg3KBWOzw==",
      "dev": true
    },
    "pend": {
      "version": "1.2.0",
      "resolved": "https://registry.npmjs.org/pend/-/pend-1.2.0.tgz",
      "integrity": "sha1-elfrVQpng/kRUzH89GY9XI4AelA=",
      "dev": true
    },
    "plur": {
      "version": "1.0.0",
      "resolved": "https://registry.npmjs.org/plur/-/plur-1.0.0.tgz",
      "integrity": "sha1-24XGgU9eXlo7Se/CjWBP7GKXUVY=",
      "dev": true
    },
    "port-authority": {
      "version": "1.0.5",
      "resolved": "https://registry.npmjs.org/port-authority/-/port-authority-1.0.5.tgz",
      "integrity": "sha512-3nhtaK54aIJrL+D08Lt8AoE10Yz8BOi0gxFlGHCCYFFJ3/oeVdca4AGw5Bzw9Vr1Ntil0fU4ZiG8I3fLhQEnjg==",
      "dev": true
    },
    "pretty-ms": {
      "version": "2.1.0",
      "resolved": "https://registry.npmjs.org/pretty-ms/-/pretty-ms-2.1.0.tgz",
      "integrity": "sha1-QlfCVt8/sLRR1q/6qwIYhBJpgdw=",
      "dev": true,
      "requires": {
        "is-finite": "^1.0.1",
        "parse-ms": "^1.0.0",
        "plur": "^1.0.0"
      }
    },
    "process-nextick-args": {
      "version": "2.0.1",
      "resolved": "https://registry.npmjs.org/process-nextick-args/-/process-nextick-args-2.0.1.tgz",
      "integrity": "sha512-3ouUOpQhtgrbOa17J7+uxOTpITYWaGP7/AhoR3+A+/1e9skrzelGi/dXzEYyvbxubEF6Wn2ypscTKiKJFFn1ag==",
      "dev": true
    },
    "progress": {
      "version": "2.0.3",
      "resolved": "https://registry.npmjs.org/progress/-/progress-2.0.3.tgz",
      "integrity": "sha512-7PiHtLll5LdnKIMw100I+8xJXR5gW2QwWYkT6iJva0bXitZKa/XMrSbdmg3r2Xnaidz9Qumd0VPaMrZlF9V9sA==",
      "dev": true
    },
    "proxy-from-env": {
      "version": "1.1.0",
      "resolved": "https://registry.npmjs.org/proxy-from-env/-/proxy-from-env-1.1.0.tgz",
      "integrity": "sha512-D+zkORCbA9f1tdWRK0RaCR3GPv50cMxcrz4X8k5LTSUD1Dkw47mKJEZQNunItRTkWwgtaUSo1RVFRIG9ZXiFYg==",
      "dev": true
    },
    "puppeteer": {
      "version": "1.20.0",
      "resolved": "https://registry.npmjs.org/puppeteer/-/puppeteer-1.20.0.tgz",
      "integrity": "sha512-bt48RDBy2eIwZPrkgbcwHtb51mj2nKvHOPMaSH2IsWiv7lOG9k9zhaRzpDZafrk05ajMc3cu+lSQYYOfH2DkVQ==",
      "dev": true,
      "requires": {
        "debug": "^4.1.0",
        "extract-zip": "^1.6.6",
        "https-proxy-agent": "^2.2.1",
        "mime": "^2.0.3",
        "progress": "^2.0.1",
        "proxy-from-env": "^1.0.0",
        "rimraf": "^2.6.1",
        "ws": "^6.1.0"
      }
    },
    "q": {
      "version": "1.5.1",
      "resolved": "https://registry.npmjs.org/q/-/q-1.5.1.tgz",
      "integrity": "sha1-fjL3W0E4EpHQRhHxvxQQmsAGUdc=",
      "dev": true
    },
    "re-emitter": {
      "version": "1.1.4",
      "resolved": "https://registry.npmjs.org/re-emitter/-/re-emitter-1.1.4.tgz",
      "integrity": "sha512-C0SIXdXDSus2yqqvV7qifnb4NoWP7mEBXJq3axci301mXHCZb8Djwm4hrEZo4UeXRaEnfjH98uQ8EBppk2oNWA==",
      "dev": true
    },
    "readable-stream": {
      "version": "2.3.7",
      "resolved": "https://registry.npmjs.org/readable-stream/-/readable-stream-2.3.7.tgz",
      "integrity": "sha512-Ebho8K4jIbHAxnuxi7o42OrZgF/ZTNcsZj6nRKyUmkhLFq8CHItp/fy6hQZuZmP/n3yZ9VBUbp4zz/mX8hmYPw==",
      "dev": true,
      "requires": {
        "core-util-is": "~1.0.0",
        "inherits": "~2.0.3",
        "isarray": "~1.0.0",
        "process-nextick-args": "~2.0.0",
        "safe-buffer": "~5.1.1",
        "string_decoder": "~1.1.1",
        "util-deprecate": "~1.0.1"
      }
    },
    "regenerator-runtime": {
      "version": "0.11.1",
      "resolved": "https://registry.npmjs.org/regenerator-runtime/-/regenerator-runtime-0.11.1.tgz",
      "integrity": "sha512-MguG95oij0fC3QV3URf4V2SDYGJhJnJGqvIIgdECeODCT98wSWDAJ94SSuVpYQUoTcGUIL6L4yNB7j1DFFHSBg==",
      "dev": true
    },
    "relateurl": {
      "version": "0.2.7",
      "resolved": "https://registry.npmjs.org/relateurl/-/relateurl-0.2.7.tgz",
      "integrity": "sha1-VNvzd+UUQKypCkzSdGANP/LYiKk=",
      "dev": true
    },
    "require-nocache": {
      "version": "1.0.0",
      "resolved": "https://registry.npmjs.org/require-nocache/-/require-nocache-1.0.0.tgz",
      "integrity": "sha1-pmXQtgoH6CSYdXkKTTUCGdPIX6M=",
      "dev": true
    },
    "require-relative": {
      "version": "0.8.7",
      "resolved": "https://registry.npmjs.org/require-relative/-/require-relative-0.8.7.tgz",
      "integrity": "sha1-eZlTn8ngR6N5KPoZb44VY9q9Nt4=",
      "dev": true
    },
    "resolve": {
      "version": "1.16.1",
      "resolved": "https://registry.npmjs.org/resolve/-/resolve-1.16.1.tgz",
      "integrity": "sha512-rmAglCSqWWMrrBv/XM6sW0NuRFiKViw/W4d9EbC4pt+49H8JwHy+mcGmALTEg504AUDcLTvb1T2q3E9AnmY+ig==",
      "dev": true,
      "requires": {
        "path-parse": "^1.0.6"
      }
    },
    "rimraf": {
      "version": "2.7.1",
      "resolved": "https://registry.npmjs.org/rimraf/-/rimraf-2.7.1.tgz",
      "integrity": "sha512-uWjbaKIK3T1OSVptzX7Nl6PvQ3qAGtKEtVRjRuazjfL3Bx5eI409VZSqgND+4UNnmzLVdPj9FqFJNPqBZFve4w==",
      "dev": true,
      "requires": {
        "glob": "^7.1.3"
      }
    },
    "rollup": {
      "version": "0.66.6",
      "resolved": "https://registry.npmjs.org/rollup/-/rollup-0.66.6.tgz",
      "integrity": "sha512-J7/SWanrcb83vfIHqa8+aVVGzy457GcjA6GVZEnD0x2u4OnOd0Q1pCrEoNe8yLwM6z6LZP02zBT2uW0yh5TqOw==",
      "dev": true,
      "requires": {
        "@types/estree": "0.0.39",
        "@types/node": "*"
      }
    },
    "rollup-plugin-commonjs": {
      "version": "9.3.4",
      "resolved": "https://registry.npmjs.org/rollup-plugin-commonjs/-/rollup-plugin-commonjs-9.3.4.tgz",
      "integrity": "sha512-DTZOvRoiVIHHLFBCL4pFxOaJt8pagxsVldEXBOn6wl3/V21wVaj17HFfyzTsQUuou3sZL3lEJZVWKPFblJfI6w==",
      "dev": true,
      "requires": {
        "estree-walker": "^0.6.0",
        "magic-string": "^0.25.2",
        "resolve": "^1.10.0",
        "rollup-pluginutils": "^2.6.0"
      }
    },
    "rollup-plugin-html": {
      "version": "0.2.1",
      "resolved": "https://registry.npmjs.org/rollup-plugin-html/-/rollup-plugin-html-0.2.1.tgz",
      "integrity": "sha1-oYYuyoeuVLZ3aJ0NQTORHoImRj0=",
      "dev": true,
      "requires": {
        "html-minifier": "^3.0.2",
        "rollup-pluginutils": "^1.5.0"
      },
      "dependencies": {
        "estree-walker": {
          "version": "0.2.1",
          "resolved": "https://registry.npmjs.org/estree-walker/-/estree-walker-0.2.1.tgz",
          "integrity": "sha1-va/oCVOD2EFNXcLs9MkXO225QS4=",
          "dev": true
        },
        "rollup-pluginutils": {
          "version": "1.5.2",
          "resolved": "https://registry.npmjs.org/rollup-pluginutils/-/rollup-pluginutils-1.5.2.tgz",
          "integrity": "sha1-HhVud4+UtyVb+hs9AXi+j1xVJAg=",
          "dev": true,
          "requires": {
            "estree-walker": "^0.2.1",
            "minimatch": "^3.0.2"
          }
        }
      }
    },
    "rollup-plugin-node-resolve": {
      "version": "4.2.4",
      "resolved": "https://registry.npmjs.org/rollup-plugin-node-resolve/-/rollup-plugin-node-resolve-4.2.4.tgz",
      "integrity": "sha512-t/64I6l7fZ9BxqD3XlX4ZeO6+5RLKyfpwE2CiPNUKa+GocPlQhf/C208ou8y3AwtNsc6bjSk/8/6y/YAyxCIvw==",
      "dev": true,
      "requires": {
        "@types/resolve": "0.0.8",
        "builtin-modules": "^3.1.0",
        "is-module": "^1.0.0",
        "resolve": "^1.10.0"
      }
    },
    "rollup-plugin-svelte": {
      "version": "5.2.1",
      "resolved": "https://registry.npmjs.org/rollup-plugin-svelte/-/rollup-plugin-svelte-5.2.1.tgz",
      "integrity": "sha512-wc93cN66sRpX6uFljVFqvWT6NU3V5ab/uLXKt2UiARuexFU/ctolzkmdXM7WM5iKdTX9scToS9sabJTJV4DUMA==",
      "dev": true,
      "requires": {
        "require-relative": "^0.8.7",
        "rollup-pluginutils": "^2.8.2",
        "sourcemap-codec": "^1.4.8"
      }
    },
    "rollup-pluginutils": {
      "version": "2.8.2",
      "resolved": "https://registry.npmjs.org/rollup-pluginutils/-/rollup-pluginutils-2.8.2.tgz",
      "integrity": "sha512-EEp9NhnUkwY8aif6bxgovPHMoMoNr2FulJziTndpt5H9RdwC47GSGuII9XxpSdzVGM0GWrNPHV6ie1LTNJPaLQ==",
      "dev": true,
      "requires": {
        "estree-walker": "^0.6.1"
      }
    },
    "safe-buffer": {
      "version": "5.1.2",
      "resolved": "https://registry.npmjs.org/safe-buffer/-/safe-buffer-5.1.2.tgz",
      "integrity": "sha512-Gd2UZBJDkXlY7GbJxfsE8/nvKkUEU1G38c1siN6QP6a9PT9MmHB8GnpscSmMJSoF8LOIrt8ud/wPtojys4G6+g==",
      "dev": true
    },
    "sirv": {
      "version": "0.2.5",
      "resolved": "https://registry.npmjs.org/sirv/-/sirv-0.2.5.tgz",
      "integrity": "sha512-q7F1VElkj/WPrXwWsdHK9gqi2rd94oaMQc3VtN8N1TNHrKxlsd7hGsPFiOIodRxre8eHCV1XK1iqC1BDaZ+IKA==",
      "dev": true,
      "requires": {
        "@polka/url": "^0.5.0",
        "mime": "^2.3.1"
      }
    },
    "source-map": {
      "version": "0.6.1",
      "resolved": "https://registry.npmjs.org/source-map/-/source-map-0.6.1.tgz",
      "integrity": "sha512-UjgapumWlbMhkBgzT7Ykc5YXUT46F0iKu8SGXq0bcwP5dz/h0Plj6enJqjz1Zbq2l5WaqYnrVbwWOWMyF3F47g==",
      "dev": true
    },
    "sourcemap-codec": {
      "version": "1.4.8",
      "resolved": "https://registry.npmjs.org/sourcemap-codec/-/sourcemap-codec-1.4.8.tgz",
      "integrity": "sha512-9NykojV5Uih4lgo5So5dtw+f0JgJX30KCNI8gwhz2J9A15wD0Ml6tjHKwf6fTSa6fAdVBdZeNOs9eJ71qCk8vA==",
      "dev": true
    },
    "split": {
      "version": "1.0.1",
      "resolved": "https://registry.npmjs.org/split/-/split-1.0.1.tgz",
      "integrity": "sha512-mTyOoPbrivtXnwnIxZRFYRrPNtEFKlpB2fvjSnCQUiAA6qAZzqwna5envK4uk6OIeP17CsdF3rSBGYVBsU0Tkg==",
      "dev": true,
      "requires": {
        "through": "2"
      }
    },
    "sprintf-js": {
      "version": "1.0.3",
      "resolved": "https://registry.npmjs.org/sprintf-js/-/sprintf-js-1.0.3.tgz",
      "integrity": "sha1-BOaSb2YolTVPPdAVIDYzuFcpfiw=",
      "dev": true
    },
    "string_decoder": {
      "version": "1.1.1",
      "resolved": "https://registry.npmjs.org/string_decoder/-/string_decoder-1.1.1.tgz",
      "integrity": "sha512-n/ShnvDi6FHbbVfviro+WojiFzv+s8MPMHBczVePfUpDJLwoLT0ht1l4YwBCbi8pJAveEEdnkHyPyTP/mzRfwg==",
      "dev": true,
      "requires": {
        "safe-buffer": "~5.1.0"
      }
    },
    "strip-ansi": {
      "version": "3.0.1",
      "resolved": "https://registry.npmjs.org/strip-ansi/-/strip-ansi-3.0.1.tgz",
      "integrity": "sha1-ajhfuIU9lS1f8F0Oiq+UJ43GPc8=",
      "dev": true,
      "requires": {
        "ansi-regex": "^2.0.0"
      }
    },
    "supports-color": {
      "version": "2.0.0",
      "resolved": "https://registry.npmjs.org/supports-color/-/supports-color-2.0.0.tgz",
      "integrity": "sha1-U10EXOa2Nj+kARcIRimZXp3zJMc=",
      "dev": true
    },
    "svelte": {
      "version": "3.20.1",
      "resolved": "https://registry.npmjs.org/svelte/-/svelte-3.20.1.tgz",
      "integrity": "sha512-m/dw52BZf+p6KYnyKLErIcGalu4pwJrQbUM7VZriRw6ZlJj1qMAZsLcIWzEB3I0hhdJwkKb7LrrvUIeqmbO92Q==",
      "dev": true
    },
    "tap-diff": {
      "version": "0.1.1",
      "resolved": "https://registry.npmjs.org/tap-diff/-/tap-diff-0.1.1.tgz",
      "integrity": "sha1-j78zM9hWQ/7qG/F1m5CCCwSjfd8=",
      "dev": true,
      "requires": {
        "chalk": "^1.1.1",
        "diff": "^2.2.1",
        "duplexer": "^0.1.1",
        "figures": "^1.4.0",
        "pretty-ms": "^2.1.0",
        "tap-parser": "^1.2.2",
        "through2": "^2.0.0"
      }
    },
    "tap-dot": {
      "version": "2.0.0",
      "resolved": "https://registry.npmjs.org/tap-dot/-/tap-dot-2.0.0.tgz",
      "integrity": "sha512-7N1yPcRDgdfHCUbG6lZ0hXo53NyXhKIjJNhqKBixl9HVEG4QasG16Nlvr8wRnqr2ZRYVWmbmxwF3NOBbTLtQLQ==",
      "dev": true,
      "requires": {
        "chalk": "^1.1.1",
        "tap-out": "^1.3.2",
        "through2": "^2.0.0"
      }
    },
    "tap-out": {
      "version": "1.4.2",
      "resolved": "https://registry.npmjs.org/tap-out/-/tap-out-1.4.2.tgz",
      "integrity": "sha1-yQfsG/lAURHQiCY+kvVgi4jLs3o=",
      "dev": true,
      "requires": {
        "re-emitter": "^1.0.0",
        "readable-stream": "^2.0.0",
        "split": "^1.0.0",
        "trim": "0.0.1"
      }
    },
    "tap-parser": {
      "version": "1.3.2",
      "resolved": "https://registry.npmjs.org/tap-parser/-/tap-parser-1.3.2.tgz",
      "integrity": "sha1-EgxQiciMPIp5PvKIhn3jIeGPjCI=",
      "dev": true,
      "requires": {
        "events-to-array": "^1.0.1",
        "inherits": "~2.0.1",
        "js-yaml": "^3.2.7",
        "readable-stream": "^2"
      }
    },
    "tape-modern": {
      "version": "1.1.2",
      "resolved": "https://registry.npmjs.org/tape-modern/-/tape-modern-1.1.2.tgz",
      "integrity": "sha512-0EWihNQ0t1bMR3fxw2ulmei+YMcyXQucg1mRvsz7cB986IorREwpNm/4+CtLtv4pUP7Z9LDywGKThRfngy/Puw==",
      "dev": true
    },
    "through": {
      "version": "2.3.8",
      "resolved": "https://registry.npmjs.org/through/-/through-2.3.8.tgz",
      "integrity": "sha1-DdTJ/6q8NXlgsbckEV1+Doai4fU=",
      "dev": true
    },
    "through2": {
      "version": "2.0.5",
      "resolved": "https://registry.npmjs.org/through2/-/through2-2.0.5.tgz",
      "integrity": "sha512-/mrRod8xqpA+IHSLyGCQ2s8SPHiCDEeQJSep1jqLYeEUClOFG2Qsh+4FU6G9VeqpZnGW/Su8LQGc4YKni5rYSQ==",
      "dev": true,
      "requires": {
        "readable-stream": "~2.3.6",
        "xtend": "~4.0.1"
      }
    },
    "traverse-chain": {
      "version": "0.1.0",
      "resolved": "https://registry.npmjs.org/traverse-chain/-/traverse-chain-0.1.0.tgz",
      "integrity": "sha1-YdvC1Ttp/2CRoSoWj9fUMxB+QPE=",
      "dev": true
    },
    "trim": {
      "version": "0.0.1",
      "resolved": "https://registry.npmjs.org/trim/-/trim-0.0.1.tgz",
      "integrity": "sha1-WFhUf2spB1fulczMZm+1AITEYN0=",
      "dev": true
    },
    "typedarray": {
      "version": "0.0.6",
      "resolved": "https://registry.npmjs.org/typedarray/-/typedarray-0.0.6.tgz",
      "integrity": "sha1-hnrHTjhkGHsdPUfZlqeOxciDB3c=",
      "dev": true
    },
    "uglify-js": {
      "version": "3.4.10",
      "resolved": "https://registry.npmjs.org/uglify-js/-/uglify-js-3.4.10.tgz",
      "integrity": "sha512-Y2VsbPVs0FIshJztycsO2SfPk7/KAF/T72qzv9u5EpQ4kB2hQoHlhNQTsNyy6ul7lQtqJN/AoWeS23OzEiEFxw==",
      "dev": true,
      "requires": {
        "commander": "~2.19.0",
        "source-map": "~0.6.1"
      },
      "dependencies": {
        "commander": {
          "version": "2.19.0",
          "resolved": "https://registry.npmjs.org/commander/-/commander-2.19.0.tgz",
          "integrity": "sha512-6tvAOO+D6OENvRAh524Dh9jcfKTYDQAqvqezbCW82xj5X0pSrcpxtvRKHLG0yBY6SD7PSDrJaj+0AiOcKVd1Xg==",
          "dev": true
        }
      }
    },
    "upper-case": {
      "version": "1.1.3",
      "resolved": "https://registry.npmjs.org/upper-case/-/upper-case-1.1.3.tgz",
      "integrity": "sha1-9rRQHC7EzdJrp4vnIilh3ndiFZg=",
      "dev": true
    },
    "util-deprecate": {
      "version": "1.0.2",
      "resolved": "https://registry.npmjs.org/util-deprecate/-/util-deprecate-1.0.2.tgz",
      "integrity": "sha1-RQ1Nyfpw3nMnYvvS1KKJgUGaDM8=",
      "dev": true
    },
    "wrappy": {
      "version": "1.0.2",
      "resolved": "https://registry.npmjs.org/wrappy/-/wrappy-1.0.2.tgz",
      "integrity": "sha1-tSQ9jz7BqjXxNkYFvA0QNuMKtp8=",
      "dev": true
    },
    "ws": {
      "version": "6.2.1",
      "resolved": "https://registry.npmjs.org/ws/-/ws-6.2.1.tgz",
      "integrity": "sha512-GIyAXC2cB7LjvpgMt9EKS2ldqr0MTrORaleiOno6TweZ6r3TKtoFQWay/2PceJ3RuBasOHzXNn5Lrw1X0bEjqA==",
      "dev": true,
      "requires": {
        "async-limiter": "~1.0.0"
      }
    },
    "xtend": {
      "version": "4.0.2",
      "resolved": "https://registry.npmjs.org/xtend/-/xtend-4.0.2.tgz",
      "integrity": "sha512-LKYU1iAXJXUgAXn9URjiu+MWhyUXHsvfp7mcuYm9dSUKK0/CjtrUwFAxD82/mCWbtLsGjFIad0wIsod4zrTAEQ==",
      "dev": true
    },
    "yauzl": {
      "version": "2.10.0",
      "resolved": "https://registry.npmjs.org/yauzl/-/yauzl-2.10.0.tgz",
      "integrity": "sha1-x+sXyT4RLLEIb6bY5R+wZnt5pfk=",
      "dev": true,
      "requires": {
        "buffer-crc32": "~0.2.3",
        "fd-slicer": "~1.1.0"
      }
    }
  }
}
