# THIS IS AN AUTOGENERATED FILE. DO NOT EDIT THIS FILE DIRECTLY.
# yarn lockfile v1


"@polka/url@^1.0.0-next.20":
  "integrity" "sha512-88p7+M0QGxKpmnkfXjS4V26AnoC/eiqZutE8GLdaI5X12NY75bXSdTY9NkmYb2Xyk1O+MmkuO6Frmsj84V6I8Q=="
  "resolved" "https://registry.npmjs.org/@polka/url/-/url-1.0.0-next.20.tgz"
  "version" "1.0.0-next.20"

"@rollup/pluginutils@^4.1.1", "@rollup/pluginutils@4":
  "integrity" "sha512-clDjivHqWGXi7u+0d2r2sBi4Ie6VLEAzWMIkvJLnDmxoOhBYOTfzGbOQBA32THHm11/LiJbd01tJUpJsbshSWQ=="
  "resolved" "https://registry.npmjs.org/@rollup/pluginutils/-/pluginutils-4.1.1.tgz"
  "version" "4.1.1"
  dependencies:
    "estree-walker" "^2.0.1"
    "picomatch" "^2.2.2"

"@sveltejs/kit@1.0.0-next.173":
  "integrity" "sha512-gOnRwCw9O+dXfpUe8GO9PEe20TWiIpgIDjG3zabCjMUV2XLpOsvPCO9j65xCPce00RljQGBuwn+NTYKteg2jvw=="
  "resolved" "https://registry.npmjs.org/@sveltejs/kit/-/kit-1.0.0-next.173.tgz"
  "version" "1.0.0-next.173"
  dependencies:
    "@sveltejs/vite-plugin-svelte" "^1.0.0-next.24"
    "cheap-watch" "^1.0.4"
    "sade" "^1.7.4"
    "vite" "^2.5.7"

"@sveltejs/vite-plugin-svelte@^1.0.0-next.24":
  "integrity" "sha512-b+n3jcLpk2j/25APQbk5ejCyd0faYTB2bOxR3gY0LX3MFGgdiL8zdf3/aawcPSxLdbL73YVlxNBIATGuvq03uQ=="
  "resolved" "https://registry.npmjs.org/@sveltejs/vite-plugin-svelte/-/vite-plugin-svelte-1.0.0-next.24.tgz"
  "version" "1.0.0-next.24"
  dependencies:
    "@rollup/pluginutils" "^4.1.1"
    "debug" "^4.3.2"
    "kleur" "^4.1.4"
    "magic-string" "^0.25.7"
    "require-relative" "^0.8.7"
    "svelte-hmr" "^0.14.7"

"@types/node@*":
  "integrity" "sha512-Pr+6JRiKkfsFvmU/LK68oBRCQeEg36TyAbPhc2xpez24OOZZCuoIhWGTd39VZy6nGafSbxzGouFPTFD/rR1A0A=="
  "resolved" "https://registry.npmjs.org/@types/node/-/node-10.12.12.tgz"
  "version" "10.12.12"

"@types/resolve@0.0.8":
  "integrity" "sha512-auApPaJf3NPfe18hSoJkp8EbZzer2ISk7o8mCC3M9he/a04+gbMF97NkpD2S8riMGvm4BMRI59/SZQSaLTKpsQ=="
  "resolved" "https://registry.npmjs.org/@types/resolve/-/resolve-0.0.8.tgz"
  "version" "0.0.8"
  dependencies:
    "@types/node" "*"

"balanced-match@^1.0.0":
  "integrity" "sha1-ibTRmasr7kneFk6gK4nORi1xt2c="
  "resolved" "https://registry.npmjs.org/balanced-match/-/balanced-match-1.0.0.tgz"
  "version" "1.0.0"

"brace-expansion@^1.1.7":
  "integrity" "sha512-iCuPHDFgrHX7H2vEI/5xpz07zSHB00TpugqhmYtVmMO6518mCuRMoOYFldEBl0g187ufozdaHgWKcYFb61qGiA=="
  "resolved" "https://registry.npmjs.org/brace-expansion/-/brace-expansion-1.1.11.tgz"
  "version" "1.1.11"
  dependencies:
    "balanced-match" "^1.0.0"
    "concat-map" "0.0.1"

"builtin-modules@^3.1.0":
  "integrity" "sha512-lGzLKcioL90C7wMczpkY0n/oART3MbBa8R9OFGE1rJxoVI86u4WAGfEk8Wjv10eKSyTHVGkSo3bvBylCEtk7LA=="
  "resolved" "https://registry.npmjs.org/builtin-modules/-/builtin-modules-3.2.0.tgz"
  "version" "3.2.0"

"cheap-watch@^1.0.4":
  "integrity" "sha512-QR/9FrtRL5fjfUJBhAKCdi0lSRQ3rVRRum3GF9wDKp2TJbEIMGhUEr2yU8lORzm9Isdjx7/k9S0DFDx+z5VGtw=="
  "resolved" "https://registry.npmjs.org/cheap-watch/-/cheap-watch-1.0.4.tgz"
  "version" "1.0.4"

"concat-map@0.0.1":
  "integrity" "sha1-2Klr13/Wjfd5OnMDajug1UBdR3s="
  "resolved" "https://registry.npmjs.org/concat-map/-/concat-map-0.0.1.tgz"
  "version" "0.0.1"

"console-clear@^1.1.0":
  "integrity" "sha512-pMD+MVR538ipqkG5JXeOEbKWS5um1H4LUUccUQG68qpeqBYbzYy79Gh55jkd2TtPdRfUaLWdv6LPP//5Zt0aPQ=="
  "resolved" "https://registry.npmjs.org/console-clear/-/console-clear-1.1.1.tgz"
  "version" "1.1.1"

"debug@^4.3.2":
  "integrity" "sha512-mOp8wKcvj7XxC78zLgw/ZA+6TSgkoE2C/ienthhRD298T7UNwAg9diBpLRxC0mOezLl4B0xV7M0cCO6P/O0Xhw=="
  "resolved" "https://registry.npmjs.org/debug/-/debug-4.3.2.tgz"
  "version" "4.3.2"
  dependencies:
    "ms" "2.1.2"

"dedent-js@^1.0.1":
  "integrity" "sha1-vuX7fJ5yfYXf+iRZDRDsGrElUwU="
  "resolved" "https://registry.npmjs.org/dedent-js/-/dedent-js-1.0.1.tgz"
  "version" "1.0.1"

"esbuild@^0.12.17":
  "integrity" "sha512-w/XuoBCSwepyiZtIRsKsetiLDUVGPVw1E/R3VTFSecIy8UR7Cq3SOtwKHJMFoVqqVG36aGkzh4e8BvpO1Fdc7g=="
  "resolved" "https://registry.npmjs.org/esbuild/-/esbuild-0.12.29.tgz"
  "version" "0.12.29"

"estree-walker@^0.6.1":
  "integrity" "sha512-SqmZANLWS0mnatqbSfRP5g8OXZC12Fgg1IwNtLsyHDzJizORW4khDfjPqJZsemPWBB2uqykUah5YpQ6epsqC/w=="
  "resolved" "https://registry.npmjs.org/estree-walker/-/estree-walker-0.6.1.tgz"
  "version" "0.6.1"

"estree-walker@^2.0.1":
  "integrity" "sha512-Rfkk/Mp/DL7JVje3u18FxFujQlTNR2q6QfMSMB7AvCBx91NGj/ba3kCfza0f6dVDbw7YlRf/nDrn7pQrCCyQ/w=="
  "resolved" "https://registry.npmjs.org/estree-walker/-/estree-walker-2.0.2.tgz"
  "version" "2.0.2"

"find-in-files@^0.5.0":
  "integrity" "sha512-VraTc6HdtdSHmAp0yJpAy20yPttGKzyBWc7b7FPnnsX9TOgmKx0g9xajizpF/iuu4IvNK4TP0SpyBT9zAlwG+g=="
  "resolved" "https://registry.npmjs.org/find-in-files/-/find-in-files-0.5.0.tgz"
  "version" "0.5.0"
  dependencies:
    "find" "^0.1.5"
    "q" "^1.0.1"

"find@^0.1.5":
  "integrity" "sha1-yGyHrxqxjyIrvjjeyGy8dg0Wpvs="
  "resolved" "https://registry.npmjs.org/find/-/find-0.1.7.tgz"
  "version" "0.1.7"
  dependencies:
    "traverse-chain" "~0.1.0"

"fs.realpath@^1.0.0":
  "integrity" "sha1-FQStJSMVjKpA20onh8sBQRmU6k8="
  "resolved" "https://registry.npmjs.org/fs.realpath/-/fs.realpath-1.0.0.tgz"
  "version" "1.0.0"

"fsevents@~2.3.1", "fsevents@~2.3.2":
  "integrity" "sha512-xiqMQR4xAeHTuB9uWm+fFRcIOgKBMiOBP+eXiyT7jsgVCq1bkVygt00oASowB7EdtpOHaaPgKt812P9ab+DDKA=="
  "resolved" "https://registry.npmjs.org/fsevents/-/fsevents-2.3.2.tgz"
  "version" "2.3.2"

"function-bind@^1.1.1":
  "integrity" "sha512-yIovAzMX49sF8Yl58fSCWJ5svSLuaibPxXQJFLmBObTuCr0Mf1KiPopGM9NiFjiYBCbfaa2Fh6breQ6ANVTI0A=="
  "resolved" "https://registry.npmjs.org/function-bind/-/function-bind-1.1.1.tgz"
  "version" "1.1.1"

"get-port@^3.2.0":
  "integrity" "sha1-3Xzn3hh8Bsi/NTeWrHHgmfCYDrw="
  "resolved" "https://registry.npmjs.org/get-port/-/get-port-3.2.0.tgz"
  "version" "3.2.0"

"glob@^7.1.3":
  "integrity" "sha512-LwaxwyZ72Lk7vZINtNNrywX0ZuLyStrdDtabefZKAY5ZGJhVtgdznluResxNmPitE0SAO+O26sWTHeKSI2wMBA=="
  "resolved" "https://registry.npmjs.org/glob/-/glob-7.1.6.tgz"
  "version" "7.1.6"
  dependencies:
    "fs.realpath" "^1.0.0"
    "inflight" "^1.0.4"
    "inherits" "2"
    "minimatch" "^3.0.4"
    "once" "^1.3.0"
    "path-is-absolute" "^1.0.0"

"has@^1.0.3":
  "integrity" "sha512-f2dvO0VU6Oej7RkWJGrehjbzMAjFp5/VKPp5tTpWIV4JHHZK1/BxbFRtf/siA2SWTe09caDmVtYYzWEIbBS4zw=="
  "resolved" "https://registry.npmjs.org/has/-/has-1.0.3.tgz"
  "version" "1.0.3"
  dependencies:
    "function-bind" "^1.1.1"

"inflight@^1.0.4":
  "integrity" "sha1-Sb1jMdfQLQwJvJEKEHW6gWW1bfk="
  "resolved" "https://registry.npmjs.org/inflight/-/inflight-1.0.6.tgz"
  "version" "1.0.6"
  dependencies:
    "once" "^1.3.0"
    "wrappy" "1"

"inherits@2":
  "integrity" "sha1-Yzwsg+PaQqUC9SRmAiSA9CCCYd4="
  "resolved" "https://registry.npmjs.org/inherits/-/inherits-2.0.3.tgz"
  "version" "2.0.3"

"is-core-module@^2.2.0":
  "integrity" "sha512-XRAfAdyyY5F5cOXn7hYQDqh2Xmii+DEfIcQGxK/uNwMHhIkPWO0g8msXcbzLe+MpGoR951MlqM/2iIlU4vKDdQ=="
  "resolved" "https://registry.npmjs.org/is-core-module/-/is-core-module-2.2.0.tgz"
  "version" "2.2.0"
  dependencies:
    "has" "^1.0.3"

"is-module@^1.0.0":
  "integrity" "sha1-Mlj7afeMFNW4FdZkM2tM/7ZEFZE="
  "resolved" "https://registry.npmjs.org/is-module/-/is-module-1.0.0.tgz"
  "version" "1.0.0"

"kleur@^3.0.0":
  "integrity" "sha512-eTIzlVOSUR+JxdDFepEYcBMtZ9Qqdef+rnzWdRZuMbOywu5tO2w2N7rqjoANZ5k9vywhL6Br1VRjUIgTQx4E8w=="
  "resolved" "https://registry.npmjs.org/kleur/-/kleur-3.0.3.tgz"
  "version" "3.0.3"

"kleur@^4.1.4":
  "integrity" "sha512-8QADVssbrFjivHWQU7KkMgptGTl6WAcSdlbBPY4uNF+mWr6DGcKrvY2w4FQJoXch7+fKMjj0dRrL75vk3k23OA=="
  "resolved" "https://registry.npmjs.org/kleur/-/kleur-4.1.4.tgz"
  "version" "4.1.4"

"local-access@^1.0.1":
  "integrity" "sha512-XfegD5pyTAfb+GY6chk283Ox5z8WexG56OvM06RWLpAc/UHozO8X6xAxEkIitZOtsSMM1Yr3DkHgW5W+onLhCw=="
  "resolved" "https://registry.npmjs.org/local-access/-/local-access-1.1.0.tgz"
  "version" "1.1.0"

"lower-case@^2.0.2":
  "integrity" "sha512-7fm3l3NAF9WfN6W3JOmf5drwpVqX78JtoGJ3A6W0a6ZnldM41w2fV5D490psKFTpMds8TJse/eHLFFsNHHjHgg=="
  "resolved" "https://registry.npmjs.org/lower-case/-/lower-case-2.0.2.tgz"
  "version" "2.0.2"
  dependencies:
    "tslib" "^2.0.3"

"magic-string@^0.25.7":
  "integrity" "sha512-4CrMT5DOHTDk4HYDlzmwu4FVCcIYI8gauveasrdCu2IKIFOJ3f0v/8MDGJCDL9oD2ppz/Av1b0Nj345H9M+XIA=="
  "resolved" "https://registry.npmjs.org/magic-string/-/magic-string-0.25.7.tgz"
  "version" "0.25.7"
  dependencies:
    "sourcemap-codec" "^1.4.4"

"mime@^2.3.1":
  "integrity" "sha512-tqkh47FzKeCPD2PUiPB6pkbMzsCasjxAfC62/Wap5qrUWcb+sFasXUC5I3gYM5iBM8v/Qpn4UK0x+j0iHyFPDg=="
  "resolved" "https://registry.npmjs.org/mime/-/mime-2.5.2.tgz"
  "version" "2.5.2"

"minimatch@^3.0.4":
  "integrity" "sha512-yJHVQEhyqPLUTgt9B83PXu6W3rx4MvvHvSUvToogpwoGDOUQ+yDrR0HRot+yOCdCO7u4hX3pWft6kWBBcqh0UA=="
  "resolved" "https://registry.npmjs.org/minimatch/-/minimatch-3.0.4.tgz"
  "version" "3.0.4"
  dependencies:
    "brace-expansion" "^1.1.7"

"mri@^1.1.0":
  "integrity" "sha512-oi1b3MfbyGa7FJMP9GmLTttni5JoICpYBRlq+x5V16fZbLsnL9N3wFqqIm/nIG43FjUFkFh9Epzp/kzUGUnJxQ=="
  "resolved" "https://registry.npmjs.org/mri/-/mri-1.1.6.tgz"
  "version" "1.1.6"

"ms@2.1.2":
  "integrity" "sha512-sGkPx+VjMtmA6MX27oA4FBFELFCZZ4S4XqeGOXCv68tT+jb3vk/RyaKWP0PTKyWtmLSM0b+adUTEvbs1PEaH2w=="
  "resolved" "https://registry.npmjs.org/ms/-/ms-2.1.2.tgz"
  "version" "2.1.2"

"nanocolors@^0.1.5":
  "integrity" "sha512-2nMHqg1x5PU+unxX7PGY7AuYxl2qDx7PSrTRjizr8sxdd3l/3hBuWWaki62qmtYm2U5i4Z5E7GbjlyDFhs9/EQ=="
  "resolved" "https://registry.npmjs.org/nanocolors/-/nanocolors-0.1.12.tgz"
  "version" "0.1.12"

"nanoid@^3.1.25":
  "integrity" "sha512-rdwtIXaXCLFAQbnfqDRnI6jaRHp9fTcYBjtFKE8eezcZ7LuLjhUaQGNeMXf1HmRoCH32CLz6XwX0TtxEOS/A3Q=="
  "resolved" "https://registry.npmjs.org/nanoid/-/nanoid-3.1.25.tgz"
  "version" "3.1.25"

"no-case@^3.0.4":
  "integrity" "sha512-fgAN3jGAh+RoxUGZHTSOLJIqUc2wmoBwGR4tbpNAKmmovFoWq0OdRkb0VkldReO2a2iBT/OEulG9XSUc10r3zg=="
  "resolved" "https://registry.npmjs.org/no-case/-/no-case-3.0.4.tgz"
  "version" "3.0.4"
  dependencies:
    "lower-case" "^2.0.2"
    "tslib" "^2.0.3"

"once@^1.3.0":
  "integrity" "sha1-WDsap3WWHUsROsF9nFC6753Xa9E="
  "resolved" "https://registry.npmjs.org/once/-/once-1.4.0.tgz"
  "version" "1.4.0"
  dependencies:
    "wrappy" "1"

"pascal-case@^3.1.1":
  "integrity" "sha512-uWlGT3YSnK9x3BQJaOdcZwrnV6hPpd8jFH1/ucpiLRPh/2zCVJKS19E4GvYHvaCcACn3foXZ0cLB9Wrx1KGe5g=="
  "resolved" "https://registry.npmjs.org/pascal-case/-/pascal-case-3.1.2.tgz"
  "version" "3.1.2"
  dependencies:
    "no-case" "^3.0.4"
    "tslib" "^2.0.3"

"path-is-absolute@^1.0.0":
  "integrity" "sha1-F0uSaHNVNP+8es5r9TpanhtcX18="
  "resolved" "https://registry.npmjs.org/path-is-absolute/-/path-is-absolute-1.0.1.tgz"
  "version" "1.0.1"

"path-parse@^1.0.6":
  "integrity" "sha512-LDJzPVEEEPR+y48z93A0Ed0yXb8pAByGWo/k5YYdYgpY2/2EsOsksJrq7lOHxryrVOn1ejG6oAp8ahvOIQD8sw=="
  "resolved" "https://registry.npmjs.org/path-parse/-/path-parse-1.0.7.tgz"
  "version" "1.0.7"

"picomatch@^2.2.2":
  "integrity" "sha512-q0M/9eZHzmr0AulXyPwNfZjtwZ/RBZlbN3K3CErVrk50T2ASYI7Bye0EvekFY3IP1Nt2DHu0re+V2ZHIpMkuWg=="
  "resolved" "https://registry.npmjs.org/picomatch/-/picomatch-2.2.2.tgz"
  "version" "2.2.2"

"postcss@^8.3.6":
  "integrity" "sha512-9SaY7nnyQ63/WittqZYAvkkYPyKxchMKH71UDzeTmWuLSvxTRpeEeABZAzlCi55cuGcoFyoV/amX2BdsafQidQ=="
  "resolved" "https://registry.npmjs.org/postcss/-/postcss-8.3.7.tgz"
  "version" "8.3.7"
  dependencies:
    "nanocolors" "^0.1.5"
    "nanoid" "^3.1.25"
    "source-map-js" "^0.6.2"

"prettier-plugin-svelte@^2.2.0":
  "integrity" "sha512-JwJ9bOz4XHLQtiLnX4mTSSDUdhu12WH8sTwy/XTDCSyPlah6IcV7NWeYBZscPEcceu2YnW8Y9sJCP40Z2UH9GA=="
  "resolved" "https://registry.npmjs.org/prettier-plugin-svelte/-/prettier-plugin-svelte-2.4.0.tgz"
  "version" "2.4.0"

"prettier@^1.16.4 || ^2.0.0", "prettier@~2.2.1":
  "integrity" "sha512-PqyhM2yCjg/oKkFPtTGUojv7gnZAoG80ttl45O6x2Ug/rMJw4wcc9k6aaf2hibP7BGVCCM33gZoGjyvt9mm16Q=="
  "resolved" "https://registry.npmjs.org/prettier/-/prettier-2.2.1.tgz"
  "version" "2.2.1"

"q@^1.0.1":
  "integrity" "sha1-fjL3W0E4EpHQRhHxvxQQmsAGUdc="
  "resolved" "https://registry.npmjs.org/q/-/q-1.5.1.tgz"
  "version" "1.5.1"

"require-relative@^0.8.7":
  "integrity" "sha1-eZlTn8ngR6N5KPoZb44VY9q9Nt4="
  "resolved" "https://registry.npmjs.org/require-relative/-/require-relative-0.8.7.tgz"
  "version" "0.8.7"

"resolve@^1.11.1", "resolve@^1.20.0":
  "integrity" "sha512-wENBPt4ySzg4ybFQW2TT1zMQucPK95HSh/nq2CFTZVOGut2+pQvSsgtda4d26YrYcr067wjbmzOG8byDPBX63A=="
  "resolved" "https://registry.npmjs.org/resolve/-/resolve-1.20.0.tgz"
  "version" "1.20.0"
  dependencies:
    "is-core-module" "^2.2.0"
    "path-parse" "^1.0.6"

"rimraf@^2.6.3":
  "integrity" "sha512-uWjbaKIK3T1OSVptzX7Nl6PvQ3qAGtKEtVRjRuazjfL3Bx5eI409VZSqgND+4UNnmzLVdPj9FqFJNPqBZFve4w=="
  "resolved" "https://registry.npmjs.org/rimraf/-/rimraf-2.7.1.tgz"
  "version" "2.7.1"
  dependencies:
    "glob" "^7.1.3"

"rollup-plugin-cleaner@^1.0.0":
  "integrity" "sha512-q+Zf9estkFwGede9QzmbkhKeuXzlliOvcICVNzBHAs5xYPPs1XLtfin5TMU2tC2EYjmfaF97saY9MnQM6Og4eA=="
  "resolved" "https://registry.npmjs.org/rollup-plugin-cleaner/-/rollup-plugin-cleaner-1.0.0.tgz"
  "version" "1.0.0"
  dependencies:
    "rimraf" "^2.6.3"

"rollup-plugin-css-only@^3.1.0":
  "integrity" "sha512-TYMOE5uoD76vpj+RTkQLzC9cQtbnJNktHPB507FzRWBVaofg7KhIqq1kGbcVOadARSozWF883Ho9KpSPKH8gqA=="
  "resolved" "https://registry.npmjs.org/rollup-plugin-css-only/-/rollup-plugin-css-only-3.1.0.tgz"
  "version" "3.1.0"
  dependencies:
    "@rollup/pluginutils" "4"

"rollup-plugin-node-resolve@^5.2.0":
  "integrity" "sha512-jUlyaDXts7TW2CqQ4GaO5VJ4PwwaV8VUGA7+km3n6k6xtOEacf61u0VXwN80phY/evMcaS+9eIeJ9MOyDxt5Zw=="
  "resolved" "https://registry.npmjs.org/rollup-plugin-node-resolve/-/rollup-plugin-node-resolve-5.2.0.tgz"
  "version" "5.2.0"
  dependencies:
    "@types/resolve" "0.0.8"
    "builtin-modules" "^3.1.0"
    "is-module" "^1.0.0"
    "resolve" "^1.11.1"
    "rollup-pluginutils" "^2.8.1"

"rollup-plugin-svelte@^7.1.0":
  "integrity" "sha512-vopCUq3G+25sKjwF5VilIbiY6KCuMNHP1PFvx2Vr3REBNMDllKHFZN2B9jwwC+MqNc3UPKkjXnceLPEjTjXGXg=="
  "resolved" "https://registry.npmjs.org/rollup-plugin-svelte/-/rollup-plugin-svelte-7.1.0.tgz"
  "version" "7.1.0"
  dependencies:
    "require-relative" "^0.8.7"
    "rollup-pluginutils" "^2.8.2"

"rollup-pluginutils@^2.8.1", "rollup-pluginutils@^2.8.2":
  "integrity" "sha512-EEp9NhnUkwY8aif6bxgovPHMoMoNr2FulJziTndpt5H9RdwC47GSGuII9XxpSdzVGM0GWrNPHV6ie1LTNJPaLQ=="
  "resolved" "https://registry.npmjs.org/rollup-pluginutils/-/rollup-pluginutils-2.8.2.tgz"
  "version" "2.8.2"
  dependencies:
    "estree-walker" "^0.6.1"

"rollup@^2.38.5", "rollup@^2.41.2", "rollup@> 1.0", "rollup@>=1.11.0", "rollup@>=2.0.0", "rollup@1 || 2":
  "integrity" "sha512-6u8fJJXJx6fmvKrAC9DHYZgONvSkz8S9b/VFBjoQ6dkKdHyPpPbpqiNl2Bao9XBzDHpq672X6sGZ9G1ZBqAHMg=="
  "resolved" "https://registry.npmjs.org/rollup/-/rollup-2.41.2.tgz"
  "version" "2.41.2"
  optionalDependencies:
    "fsevents" "~2.3.1"

"sade@^1.6.0", "sade@^1.7.4":
  "integrity" "sha512-y5yauMD93rX840MwUJr7C1ysLFBgMspsdTo4UVrDg3fXDvtwOyIqykhVAAm6fk/3au77773itJStObgK+LKaiA=="
  "resolved" "https://registry.npmjs.org/sade/-/sade-1.7.4.tgz"
  "version" "1.7.4"
  dependencies:
    "mri" "^1.1.0"

"semiver@^1.0.0":
  "integrity" "sha512-QNI2ChmuioGC1/xjyYwyZYADILWyW6AmS1UH6gDj/SFUUUS4MBAWs/7mxnkRPc/F4iHezDP+O8t0dO8WHiEOdg=="
  "resolved" "https://registry.npmjs.org/semiver/-/semiver-1.1.0.tgz"
  "version" "1.1.0"

"sirv-cli@^1.0.14":
  "integrity" "sha512-yyUTNr984ANKDloqepkYbBSqvx3buwYg2sQKPWjSU+IBia5loaoka2If8N9CMwt8AfP179cdEl7kYJ//iWJHjQ=="
  "resolved" "https://registry.npmjs.org/sirv-cli/-/sirv-cli-1.0.14.tgz"
  "version" "1.0.14"
  dependencies:
    "console-clear" "^1.1.0"
    "get-port" "^3.2.0"
    "kleur" "^3.0.0"
    "local-access" "^1.0.1"
    "sade" "^1.6.0"
    "semiver" "^1.0.0"
    "sirv" "^1.0.13"
    "tinydate" "^1.0.0"

"sirv@^1.0.13":
  "integrity" "sha512-qx9go5yraB7ekT7bCMqUHJ5jEaOC/GXBxUWv+jeWnb7WzHUFdcQPGWk7YmAwFBaQBrogpuSqd/azbC2lZRqqmw=="
  "resolved" "https://registry.npmjs.org/sirv/-/sirv-1.0.17.tgz"
  "version" "1.0.17"
  dependencies:
    "@polka/url" "^1.0.0-next.20"
    "mime" "^2.3.1"
    "totalist" "^1.0.0"

"source-map-js@^0.6.2":
  "integrity" "sha512-/3GptzWzu0+0MBQFrDKzw/DvvMTUORvgY6k6jd/VS6iCR4RDTKWH6v6WPwQoUO8667uQEf9Oe38DxAYWY5F/Ug=="
  "resolved" "https://registry.npmjs.org/source-map-js/-/source-map-js-0.6.2.tgz"
  "version" "0.6.2"

"sourcemap-codec@^1.4.4":
  "integrity" "sha512-9NykojV5Uih4lgo5So5dtw+f0JgJX30KCNI8gwhz2J9A15wD0Ml6tjHKwf6fTSa6fAdVBdZeNOs9eJ71qCk8vA=="
  "resolved" "https://registry.npmjs.org/sourcemap-codec/-/sourcemap-codec-1.4.8.tgz"
  "version" "1.4.8"

"svelte-hmr@^0.14.7":
  "integrity" "sha512-pDrzgcWSoMaK6AJkBWkmgIsecW0GChxYZSZieIYfCP0v2oPyx2CYU/zm7TBIcjLVUPP714WxmViE9Thht4etog=="
  "resolved" "https://registry.npmjs.org/svelte-hmr/-/svelte-hmr-0.14.7.tgz"
  "version" "0.14.7"

"svelte@^3.2.0", "svelte@^3.24", "svelte@^3.34.0", "svelte@^3.43.0", "svelte@>=3.19.0", "svelte@>=3.5.0":
  "integrity" "sha512-T2pMPHrxXp+SM8pLLUXLQgkdo+JhTls7aqj9cD7z8wT2ccP+OrCAmtQS7h6pvMjitaZhXFNnCK582NxDpy8HSw=="
  "resolved" "https://registry.npmjs.org/svelte/-/svelte-3.43.0.tgz"
  "version" "3.43.0"

"svelte2tsx@^0.4.5":
  "integrity" "sha512-5SbnH3rGA5eymeSidlPZ3qxL0P6SfJv0pWaoTVuJDxpHbI00dUZpuDTNn/WZ8yMXfU7vjY/QxKC/iYiDTbJEjg=="
  "resolved" "https://registry.npmjs.org/svelte2tsx/-/svelte2tsx-0.4.5.tgz"
  "version" "0.4.5"
  dependencies:
    "dedent-js" "^1.0.1"
    "pascal-case" "^3.1.1"

"tape-modern@^1.1.1":
  "integrity" "sha512-sb1PNwSlphD2t5z9diUO7dd+r25sfdw94wD3yyi1Dcmu7oJ6wKMGdZ/pB6OZ0jqm0oAEESL4iOHeiCqnHhc1dg=="
  "resolved" "https://registry.npmjs.org/tape-modern/-/tape-modern-1.1.1.tgz"
  "version" "1.1.1"

"tinydate@^1.0.0":
  "integrity" "sha512-7cR8rLy2QhYHpsBDBVYnnWXm8uRTr38RoZakFSW7Bs7PzfMPNZthuMLkwqZv7MTu8lhQ91cOFYS5a7iFj2oR3w=="
  "resolved" "https://registry.npmjs.org/tinydate/-/tinydate-1.3.0.tgz"
  "version" "1.3.0"

"totalist@^1.0.0":
  "integrity" "sha512-gduQwd1rOdDMGxFG1gEvhV88Oirdo2p+KjoYFU7k2g+i7n6AFFbDQ5kMPUsW0pNbfQsB/cwXvT1i4Bue0s9g5g=="
  "resolved" "https://registry.npmjs.org/totalist/-/totalist-1.1.0.tgz"
  "version" "1.1.0"

"traverse-chain@~0.1.0":
  "integrity" "sha1-YdvC1Ttp/2CRoSoWj9fUMxB+QPE="
  "resolved" "https://registry.npmjs.org/traverse-chain/-/traverse-chain-0.1.0.tgz"
  "version" "0.1.0"

"tslib@^2.0.3":
  "integrity" "sha512-77EbyPPpMz+FRFRuAFlWMtmgUWGe9UOG2Z25NqCwiIjRhOf5iKGuzSe5P2w1laq+FkRy4p+PCuVkJSGkzTEKVw=="
  "resolved" "https://registry.npmjs.org/tslib/-/tslib-2.3.1.tgz"
  "version" "2.3.1"

"typescript@^4.1.2", "typescript@^4.4.2":
  "integrity" "sha512-gzP+t5W4hdy4c+68bfcv0t400HVJMMd2+H9B7gae1nQlBzCqvrXX+6GL/b3GAgyTH966pzrZ70/fRjwAtZksSQ=="
  "resolved" "https://registry.npmjs.org/typescript/-/typescript-4.4.2.tgz"
  "version" "4.4.2"

"vite@^2.5.3", "vite@^2.5.7":
  "integrity" "sha512-0ObiHTi5AHyXdJcvZ67HMsDgVpjT5RehvVKv6+Q0jFZ7zDI28PF5zK9mYz2avxdA+4iJMdwCz6wnGNnn4WX5Gg=="
  "resolved" "https://registry.npmjs.org/vite/-/vite-2.5.10.tgz"
  "version" "2.5.10"
  dependencies:
    "esbuild" "^0.12.17"
    "postcss" "^8.3.6"
    "resolve" "^1.20.0"
    "rollup" "^2.38.5"
  optionalDependencies:
    "fsevents" "~2.3.2"

"wrappy@1":
  "integrity" "sha1-tSQ9jz7BqjXxNkYFvA0QNuMKtp8="
  "resolved" "https://registry.npmjs.org/wrappy/-/wrappy-1.0.2.tgz"
  "version" "1.0.2"
